
Microsoft Visual Studio Solution File, Format Version 12.00
# Visual Studio Version 16
VisualStudioVersion = 16.0.31729.503
MinimumVisualStudioVersion = 10.0.40219.1
Project("{FAE04EC0-301F-11D3-BF4B-00C04F79EFBC}") = "CRUDTASK", "CRUDTASK.csproj", "{F5E79987-10F6-4BC4-A7C3-0F21F78B07E4}"
EndProject
Global
	GlobalSection(SolutionConfigurationPlatforms) = preSolution
		Debug|Any CPU = Debug|Any CPU
		Release|Any CPU = Release|Any CPU
	EndGlobalSection
	GlobalSection(ProjectConfigurationPlatforms) = postSolution
		{F5E79987-10F6-4BC4-A7C3-0F21F78B07E4}.Debug|Any CPU.ActiveCfg = Debug|Any CPU
		{F5E79987-10F6-4BC4-A7C3-0F21F78B07E4}.Debug|Any CPU.Build.0 = Debug|Any CPU
		{F5E79987-10F6-4BC4-A7C3-0F21F78B07E4}.Release|Any CPU.ActiveCfg = Release|Any CPU
		{F5E79987-10F6-4BC4-A7C3-0F21F78B07E4}.Release|Any CPU.Build.0 = Release|Any CPU
	EndGlobalSection
	GlobalSection(SolutionProperties) = preSolution
		HideSolutionNode = FALSE
	EndGlobalSection
	GlobalSection(ExtensibilityGlobals) = postSolution
		SolutionGuid = {DF9F68DF-80D8-40B1-A634-AE85CD883B08}
	EndGlobalSection
EndGlobal
